{
  "name": "project-node",
  "version": "1.0.0",
  "lockfileVersion": 2,
  "requires": true,
  "packages": {
    "": {
      "name": "project-node",
      "version": "1.0.0",
      "license": "MIT",
      "dependencies": {
        "example-cjs": "file:../example-cjs",
        "example-esm": "file:../example-esm",
        "example-ps-esm": "file:../example-ps-esm"
      }
    },
    "../example-cjs": {
      "version": "1.0.0",
      "license": "MIT"
    },
    "../example-esm": {
      "version": "1.0.0",
      "license": "MIT"
    },
    "../example-ps-esm": {
      "version": "1.0.0",
      "license": "MIT"
    },
    "../example-psesm": {
      "extraneous": true
    },
    "node_modules/example-cjs": {
      "resolved": "../example-cjs",
      "link": true
    },
    "node_modules/example-esm": {
      "resolved": "../example-esm",
      "link": true
    },
    "node_modules/example-ps-esm": {
      "resolved": "../example-ps-esm",
      "link": true
    }
  },
  "dependencies": {
    "example-cjs": {
      "version": "file:../example-cjs"
    },
    "example-esm": {
      "version": "file:../example-esm"
    },
    "example-ps-esm": {
      "version": "file:../example-ps-esm"
    }
  }
}
